github.com/nats-io/nuid v1.0.1 h1:5iA8DT8V7q8WK2EScv2padNa/rTESc1KdnPw4TC2paw=
github.com/nats-io/nuid v1.0.1/go.mod h1:19wcPz3Ph3q0Jbyiqsd0kePYG7A95tJPxeL+1OSON2c=
github.com/siuyin/dflt v0.0.0-20190616123008-ea16caf9b8ef h1:8kSa3LcnJ/6TkEFUkXZyVqawd5QR3FTk34JPDXDpDNI=
github.com/siuyin/dflt v0.0.0-20190616123008-ea16caf9b8ef/go.mod h1:+4cFreGEyVRfgu2wDpzclrm4vl5DwTYu/+F08/m0AbA=
